
Microsoft Visual Studio Solution File, Format Version 12.00
# Visual Studio Version 17
VisualStudioVersion = 17.5.33424.131
MinimumVisualStudioVersion = 10.0.40219.1
Project("{9A19103F-16F7-4668-BE54-9A1E7A4F7556}") = "DEAIC6_HFT_2023241.Client", "DEAIC6_HFT_2023241.Client\DEAIC6_HFT_2023241.Client.csproj", "{E8F78455-F243-423E-8A82-825EB74EB3DE}"
EndProject
Project("{9A19103F-16F7-4668-BE54-9A1E7A4F7556}") = "DEAIC6_HFT_2023241.Models", "DEAIC6_HFT_2023241.Models\DEAIC6_HFT_2023241.Models.csproj", "{18553ED3-C79E-4724-9E6F-02E17B59A039}"
EndProject
Project("{9A19103F-16F7-4668-BE54-9A1E7A4F7556}") = "DEAIC6_HFT_2023241.Logic", "DEAIC6_HFT_2023241.Logic\DEAIC6_HFT_2023241.Logic.csproj", "{300030B0-EF38-496B-A4D6-46E2DAAB09D9}"
EndProject
Project("{9A19103F-16F7-4668-BE54-9A1E7A4F7556}") = "DEAIC6_HFT_2023241.Repository", "DEAIC6_HFT_2023241.Repository\DEAIC6_HFT_2023241.Repository.csproj", "{1E17BD07-F9EA-4334-93F1-406F65A409D1}"
EndProject
Project("{9A19103F-16F7-4668-BE54-9A1E7A4F7556}") = "DEAIC6_HFT_2023241.Endpoint", "DEAIC6_HFT_2023241.Endpoint\DEAIC6_HFT_2023241.Endpoint.csproj", "{EFC2262D-F1A7-438E-AC3A-7C9CEBC140A2}"
EndProject
Project("{9A19103F-16F7-4668-BE54-9A1E7A4F7556}") = "DEAIC6_HFT_2023241.Test", "DEAIC6_HFT_2023241.Test\DEAIC6_HFT_2023241.Test.csproj", "{A99093DF-FE80-40D8-8E12-5F428FD37176}"
EndProject
Project("{2150E333-8FDC-42A3-9474-1A3956D46DE8}") = "Backend", "Backend", "{506A6C5B-E27D-46E1-9589-A5B19ED86B55}"
EndProject
Project("{2150E333-8FDC-42A3-9474-1A3956D46DE8}") = "Frontend", "Frontend", "{B07B86FB-5F71-47A0-8784-977B02EE6308}"
EndProject
Project("{2150E333-8FDC-42A3-9474-1A3956D46DE8}") = "Shared", "Shared", "{546CCEDF-4F16-4FE2-84D6-A2E16EC8D61D}"
EndProject
Project("{9A19103F-16F7-4668-BE54-9A1E7A4F7556}") = "DEAIC6_HFT_2023241.Test", "DEAIC6_HFT_2023241.Tester\DEAIC6_HFT_2023241.Test.csproj", "{03AC6CE8-6EFF-48F2-A1FD-3932BC07201B}"
EndProject
Global
	GlobalSection(SolutionConfigurationPlatforms) = preSolution
		Debug|Any CPU = Debug|Any CPU
		Release|Any CPU = Release|Any CPU
	EndGlobalSection
	GlobalSection(ProjectConfigurationPlatforms) = postSolution
		{E8F78455-F243-423E-8A82-825EB74EB3DE}.Debug|Any CPU.ActiveCfg = Debug|Any CPU
		{E8F78455-F243-423E-8A82-825EB74EB3DE}.Debug|Any CPU.Build.0 = Debug|Any CPU
		{E8F78455-F243-423E-8A82-825EB74EB3DE}.Release|Any CPU.ActiveCfg = Release|Any CPU
		{E8F78455-F243-423E-8A82-825EB74EB3DE}.Release|Any CPU.Build.0 = Release|Any CPU
		{18553ED3-C79E-4724-9E6F-02E17B59A039}.Debug|Any CPU.ActiveCfg = Debug|Any CPU
		{18553ED3-C79E-4724-9E6F-02E17B59A039}.Debug|Any CPU.Build.0 = Debug|Any CPU
		{18553ED3-C79E-4724-9E6F-02E17B59A039}.Release|Any CPU.ActiveCfg = Release|Any CPU
		{18553ED3-C79E-4724-9E6F-02E17B59A039}.Release|Any CPU.Build.0 = Release|Any CPU
		{300030B0-EF38-496B-A4D6-46E2DAAB09D9}.Debug|Any CPU.ActiveCfg = Debug|Any CPU
		{300030B0-EF38-496B-A4D6-46E2DAAB09D9}.Debug|Any CPU.Build.0 = Debug|Any CPU
		{300030B0-EF38-496B-A4D6-46E2DAAB09D9}.Release|Any CPU.ActiveCfg = Release|Any CPU
		{300030B0-EF38-496B-A4D6-46E2DAAB09D9}.Release|Any CPU.Build.0 = Release|Any CPU
		{1E17BD07-F9EA-4334-93F1-406F65A409D1}.Debug|Any CPU.ActiveCfg = Debug|Any CPU
		{1E17BD07-F9EA-4334-93F1-406F65A409D1}.Debug|Any CPU.Build.0 = Debug|Any CPU
		{1E17BD07-F9EA-4334-93F1-406F65A409D1}.Release|Any CPU.ActiveCfg = Release|Any CPU
		{1E17BD07-F9EA-4334-93F1-406F65A409D1}.Release|Any CPU.Build.0 = Release|Any CPU
		{EFC2262D-F1A7-438E-AC3A-7C9CEBC140A2}.Debug|Any CPU.ActiveCfg = Debug|Any CPU
		{EFC2262D-F1A7-438E-AC3A-7C9CEBC140A2}.Debug|Any CPU.Build.0 = Debug|Any CPU
		{EFC2262D-F1A7-438E-AC3A-7C9CEBC140A2}.Release|Any CPU.ActiveCfg = Release|Any CPU
		{EFC2262D-F1A7-438E-AC3A-7C9CEBC140A2}.Release|Any CPU.Build.0 = Release|Any CPU
		{A99093DF-FE80-40D8-8E12-5F428FD37176}.Debug|Any CPU.ActiveCfg = Debug|Any CPU
		{A99093DF-FE80-40D8-8E12-5F428FD37176}.Debug|Any CPU.Build.0 = Debug|Any CPU
		{A99093DF-FE80-40D8-8E12-5F428FD37176}.Release|Any CPU.ActiveCfg = Release|Any CPU
		{A99093DF-FE80-40D8-8E12-5F428FD37176}.Release|Any CPU.Build.0 = Release|Any CPU
		{03AC6CE8-6EFF-48F2-A1FD-3932BC07201B}.Debug|Any CPU.ActiveCfg = Debug|Any CPU
		{03AC6CE8-6EFF-48F2-A1FD-3932BC07201B}.Debug|Any CPU.Build.0 = Debug|Any CPU
		{03AC6CE8-6EFF-48F2-A1FD-3932BC07201B}.Release|Any CPU.ActiveCfg = Release|Any CPU
		{03AC6CE8-6EFF-48F2-A1FD-3932BC07201B}.Release|Any CPU.Build.0 = Release|Any CPU
	EndGlobalSection
	GlobalSection(SolutionProperties) = preSolution
		HideSolutionNode = FALSE
	EndGlobalSection
	GlobalSection(NestedProjects) = preSolution
		{E8F78455-F243-423E-8A82-825EB74EB3DE} = {B07B86FB-5F71-47A0-8784-977B02EE6308}
		{18553ED3-C79E-4724-9E6F-02E17B59A039} = {546CCEDF-4F16-4FE2-84D6-A2E16EC8D61D}
		{300030B0-EF38-496B-A4D6-46E2DAAB09D9} = {506A6C5B-E27D-46E1-9589-A5B19ED86B55}
		{1E17BD07-F9EA-4334-93F1-406F65A409D1} = {506A6C5B-E27D-46E1-9589-A5B19ED86B55}
		{EFC2262D-F1A7-438E-AC3A-7C9CEBC140A2} = {506A6C5B-E27D-46E1-9589-A5B19ED86B55}
		{A99093DF-FE80-40D8-8E12-5F428FD37176} = {506A6C5B-E27D-46E1-9589-A5B19ED86B55}
	EndGlobalSection
	GlobalSection(ExtensibilityGlobals) = postSolution
		SolutionGuid = {BAB794F3-DE17-4A72-854E-046AE3824532}
	EndGlobalSection
EndGlobal
